
Microsoft Visual Studio Solution File, Format Version 12.00
# Visual Studio Version 17
VisualStudioVersion = 17.1.32421.90
MinimumVisualStudioVersion = 10.0.40219.1
Project("{FAE04EC0-301F-11D3-BF4B-00C04F79EFBC}") = "ExersiceUserError", "ExersiceUserError\ExersiceUserError.csproj", "{C953F714-B63D-40CB-8AC6-E3FE6A90FD83}"
EndProject
Global
	GlobalSection(SolutionConfigurationPlatforms) = preSolution
		Debug|Any CPU = Debug|Any CPU
		Release|Any CPU = Release|Any CPU
	EndGlobalSection
	GlobalSection(ProjectConfigurationPlatforms) = postSolution
		{C953F714-B63D-40CB-8AC6-E3FE6A90FD83}.Debug|Any CPU.ActiveCfg = Debug|Any CPU
		{C953F714-B63D-40CB-8AC6-E3FE6A90FD83}.Debug|Any CPU.Build.0 = Debug|Any CPU
		{C953F714-B63D-40CB-8AC6-E3FE6A90FD83}.Release|Any CPU.ActiveCfg = Release|Any CPU
		{C953F714-B63D-40CB-8AC6-E3FE6A90FD83}.Release|Any CPU.Build.0 = Release|Any CPU
	EndGlobalSection
	GlobalSection(SolutionProperties) = preSolution
		HideSolutionNode = FALSE
	EndGlobalSection
	GlobalSection(ExtensibilityGlobals) = postSolution
		SolutionGuid = {94F5C07F-33AF-4EA9-8634-B7FFC4C21C89}
	EndGlobalSection
EndGlobal
